
Microsoft Visual Studio Solution File, Format Version 12.00
# Visual Studio Version 16
VisualStudioVersion = 16.0.33214.272
MinimumVisualStudioVersion = 10.0.40219.1
Project("{FAE04EC0-301F-11D3-BF4B-00C04F79EFBC}") = "WcfServicee", "WcfServicee\WcfServicee.csproj", "{319C27B2-A576-4A60-BFAE-BEBF7BC1EBBE}"
EndProject
Project("{FAE04EC0-301F-11D3-BF4B-00C04F79EFBC}") = "WindowsFormsApp", "WindowsFormsApp\WindowsFormsApp.csproj", "{D1FAFECA-6977-4B67-BF1B-484A0A0308E3}"
	ProjectSection(ProjectDependencies) = postProject
		{319C27B2-A576-4A60-BFAE-BEBF7BC1EBBE} = {319C27B2-A576-4A60-BFAE-BEBF7BC1EBBE}
	EndProjectSection
EndProject
Global
	GlobalSection(SolutionConfigurationPlatforms) = preSolution
		Debug|Any CPU = Debug|Any CPU
		Release|Any CPU = Release|Any CPU
	EndGlobalSection
	GlobalSection(ProjectConfigurationPlatforms) = postSolution
		{319C27B2-A576-4A60-BFAE-BEBF7BC1EBBE}.Debug|Any CPU.ActiveCfg = Debug|Any CPU
		{319C27B2-A576-4A60-BFAE-BEBF7BC1EBBE}.Debug|Any CPU.Build.0 = Debug|Any CPU
		{319C27B2-A576-4A60-BFAE-BEBF7BC1EBBE}.Release|Any CPU.ActiveCfg = Release|Any CPU
		{319C27B2-A576-4A60-BFAE-BEBF7BC1EBBE}.Release|Any CPU.Build.0 = Release|Any CPU
		{D1FAFECA-6977-4B67-BF1B-484A0A0308E3}.Debug|Any CPU.ActiveCfg = Debug|Any CPU
		{D1FAFECA-6977-4B67-BF1B-484A0A0308E3}.Debug|Any CPU.Build.0 = Debug|Any CPU
		{D1FAFECA-6977-4B67-BF1B-484A0A0308E3}.Release|Any CPU.ActiveCfg = Release|Any CPU
		{D1FAFECA-6977-4B67-BF1B-484A0A0308E3}.Release|Any CPU.Build.0 = Release|Any CPU
	EndGlobalSection
	GlobalSection(SolutionProperties) = preSolution
		HideSolutionNode = FALSE
	EndGlobalSection
	GlobalSection(ExtensibilityGlobals) = postSolution
		SolutionGuid = {B3BFF5F0-A84C-43E1-9639-4A8420616D39}
	EndGlobalSection
EndGlobal
